github.com/amarnathcjd/gogram v0.0.0-20240322145822-a7ed9c1708b0 h1:DvoXmfereBrr3Ar6mexFQGH3TdFAU/DDu6csmJaK75k=
github.com/amarnathcjd/gogram v0.0.0-20240322145822-a7ed9c1708b0/go.mod h1:h1x7/k1nf4qLAtLhJT5N904H12vW8zA0md2eZFsgxxc=
github.com/pkg/errors v0.9.1 h1:FEBLx1zS214owpjy7qsBeixbURkuhQAwrK5UwLGTwt4=
github.com/pkg/errors v0.9.1/go.mod h1:bwawxfHBFNV+L2hUp1rHADufV3IMtnDRdf1r5NINEl0=
golang.org/x/net v0.22.0 h1:9sGLhx7iRIHEiX0oAJ3MRZMUCElJgy7Br1nO+AMN3Tc=
golang.org/x/net v0.22.0/go.mod h1:JKghWKKOSdJwpW2GEx0Ja7fmaKnMsbu+MWVZTokSYmg=
